
Microsoft Visual Studio Solution File, Format Version 12.00
# Visual Studio Version 17
VisualStudioVersion = 17.11.35327.3
MinimumVisualStudioVersion = 10.0.40219.1
Project("{FAE04EC0-301F-11D3-BF4B-00C04F79EFBC}") = "WebDuLich", "WebDuLich\WebDuLich.csproj", "{A95C9C8A-E780-4472-AB5E-734B5F84F254}"
EndProject
Global
	GlobalSection(SolutionConfigurationPlatforms) = preSolution
		Debug|Any CPU = Debug|Any CPU
		Release|Any CPU = Release|Any CPU
	EndGlobalSection
	GlobalSection(ProjectConfigurationPlatforms) = postSolution
		{A95C9C8A-E780-4472-AB5E-734B5F84F254}.Debug|Any CPU.ActiveCfg = Debug|Any CPU
		{A95C9C8A-E780-4472-AB5E-734B5F84F254}.Debug|Any CPU.Build.0 = Debug|Any CPU
		{A95C9C8A-E780-4472-AB5E-734B5F84F254}.Release|Any CPU.ActiveCfg = Release|Any CPU
		{A95C9C8A-E780-4472-AB5E-734B5F84F254}.Release|Any CPU.Build.0 = Release|Any CPU
	EndGlobalSection
	GlobalSection(SolutionProperties) = preSolution
		HideSolutionNode = FALSE
	EndGlobalSection
	GlobalSection(ExtensibilityGlobals) = postSolution
		SolutionGuid = {F1C6F9E4-90C3-42A6-ABD3-8017568E34C3}
	EndGlobalSection
EndGlobal
